
Microsoft Visual Studio Solution File, Format Version 12.00
# Visual Studio Version 17
VisualStudioVersion = 17.2.32210.308
MinimumVisualStudioVersion = 10.0.40219.1
Project("{9A19103F-16F7-4668-BE54-9A1E7A4F7556}") = "MvvmLightCore", "MvvmLightCore\MvvmLightCore.csproj", "{1CDCA43F-7565-4C41-8380-AA973100BB4E}"
EndProject
Project("{9A19103F-16F7-4668-BE54-9A1E7A4F7556}") = "MvvmLightBlazorComponent", "MvvmLightBlazorComponent\MvvmLightBlazorComponent.csproj", "{53C5E97C-8B87-4578-B671-96F63DE6F374}"
EndProject
Project("{9A19103F-16F7-4668-BE54-9A1E7A4F7556}") = "SampleProject", "SampleProject\SampleProject.csproj", "{80BB3983-F2AF-46AB-9C84-089BF9854B8A}"
EndProject
Project("{FAE04EC0-301F-11D3-BF4B-00C04F79EFBC}") = "SampleViewModel", "SampleViewModel\SampleViewModel.csproj", "{6536DBF9-97B4-4CCA-8CCA-758CEE84DF5B}"
EndProject
Global
	GlobalSection(SolutionConfigurationPlatforms) = preSolution
		Debug|Any CPU = Debug|Any CPU
		Release|Any CPU = Release|Any CPU
	EndGlobalSection
	GlobalSection(ProjectConfigurationPlatforms) = postSolution
		{1CDCA43F-7565-4C41-8380-AA973100BB4E}.Debug|Any CPU.ActiveCfg = Debug|Any CPU
		{1CDCA43F-7565-4C41-8380-AA973100BB4E}.Debug|Any CPU.Build.0 = Debug|Any CPU
		{1CDCA43F-7565-4C41-8380-AA973100BB4E}.Release|Any CPU.ActiveCfg = Release|Any CPU
		{1CDCA43F-7565-4C41-8380-AA973100BB4E}.Release|Any CPU.Build.0 = Release|Any CPU
		{53C5E97C-8B87-4578-B671-96F63DE6F374}.Debug|Any CPU.ActiveCfg = Debug|Any CPU
		{53C5E97C-8B87-4578-B671-96F63DE6F374}.Debug|Any CPU.Build.0 = Debug|Any CPU
		{53C5E97C-8B87-4578-B671-96F63DE6F374}.Release|Any CPU.ActiveCfg = Release|Any CPU
		{53C5E97C-8B87-4578-B671-96F63DE6F374}.Release|Any CPU.Build.0 = Release|Any CPU
		{80BB3983-F2AF-46AB-9C84-089BF9854B8A}.Debug|Any CPU.ActiveCfg = Debug|Any CPU
		{80BB3983-F2AF-46AB-9C84-089BF9854B8A}.Debug|Any CPU.Build.0 = Debug|Any CPU
		{80BB3983-F2AF-46AB-9C84-089BF9854B8A}.Release|Any CPU.ActiveCfg = Release|Any CPU
		{80BB3983-F2AF-46AB-9C84-089BF9854B8A}.Release|Any CPU.Build.0 = Release|Any CPU
		{6536DBF9-97B4-4CCA-8CCA-758CEE84DF5B}.Debug|Any CPU.ActiveCfg = Debug|Any CPU
		{6536DBF9-97B4-4CCA-8CCA-758CEE84DF5B}.Debug|Any CPU.Build.0 = Debug|Any CPU
		{6536DBF9-97B4-4CCA-8CCA-758CEE84DF5B}.Release|Any CPU.ActiveCfg = Release|Any CPU
		{6536DBF9-97B4-4CCA-8CCA-758CEE84DF5B}.Release|Any CPU.Build.0 = Release|Any CPU
	EndGlobalSection
	GlobalSection(SolutionProperties) = preSolution
		HideSolutionNode = FALSE
	EndGlobalSection
	GlobalSection(ExtensibilityGlobals) = postSolution
		SolutionGuid = {D3F433E6-771F-4B04-BAC1-0CCA99B4FF1A}
	EndGlobalSection
EndGlobal
